
Microsoft Visual Studio Solution File, Format Version 12.00
# Visual Studio Version 17
VisualStudioVersion = 17.2.32616.157
MinimumVisualStudioVersion = 10.0.40219.1
Project("{FAE04EC0-301F-11D3-BF4B-00C04F79EFBC}") = "MvvmLightDemo", "MvvmLightDemo\MvvmLightDemo.csproj", "{48182111-A50E-4AB3-9963-FA097AD4E8D9}"
EndProject
Global
	GlobalSection(SolutionConfigurationPlatforms) = preSolution
		Debug|Any CPU = Debug|Any CPU
		Release|Any CPU = Release|Any CPU
	EndGlobalSection
	GlobalSection(ProjectConfigurationPlatforms) = postSolution
		{48182111-A50E-4AB3-9963-FA097AD4E8D9}.Debug|Any CPU.ActiveCfg = Debug|Any CPU
		{48182111-A50E-4AB3-9963-FA097AD4E8D9}.Debug|Any CPU.Build.0 = Debug|Any CPU
		{48182111-A50E-4AB3-9963-FA097AD4E8D9}.Release|Any CPU.ActiveCfg = Release|Any CPU
		{48182111-A50E-4AB3-9963-FA097AD4E8D9}.Release|Any CPU.Build.0 = Release|Any CPU
	EndGlobalSection
	GlobalSection(SolutionProperties) = preSolution
		HideSolutionNode = FALSE
	EndGlobalSection
	GlobalSection(ExtensibilityGlobals) = postSolution
		SolutionGuid = {32889943-EF12-4D0A-B771-9A2DCCE2FDB6}
	EndGlobalSection
EndGlobal
